{
  "originHash" : "f1f5cc0aa3928c84a2da094c3ce6c1982542ddcd3145faa853608b076a9504da",
  "pins" : [
    {
      "identity" : "swifttui",
      "kind" : "remoteSourceControl",
      "location" : "https://github.com/vdsingh/SwiftTUI.git",
      "state" : {
        "revision" : "28d44bf9c012f6606ad330488e1075da93cee201"
      }
    }
  ],
  "version" : 3
}
