{
  "originHash" : "88dfdda06f19610ff2fbf06937bfcb7213c1ef35baa99ecb5c0651fa5c4479e2",
  "pins" : [
    {
      "identity" : "swifttui",
      "kind" : "remoteSourceControl",
      "location" : "https://github.com/vdsingh/SwiftTUI.git",
      "state" : {
        "revision" : "fd9f0c609e67dfba3a9b88f72886a0fc0441e5f5"
      }
    }
  ],
  "version" : 3
}
