{
  "originHash" : "eb573830e2dc04da2054d0065208d628550eec67bd8a9f99fb32b08b31b5afe6",
  "pins" : [
    {
      "identity" : "swifttui",
      "kind" : "remoteSourceControl",
      "location" : "https://github.com/vdsingh/SwiftTUI.git",
      "state" : {
        "revision" : "74ec866297bf4ece6ecf255c9807406630eff83e"
      }
    }
  ],
  "version" : 3
}
